
Microsoft Visual Studio Solution File, Format Version 12.00
# Visual Studio 15
Project("{FAE04EC0-301F-11D3-BF4B-00C04F79EFBC}") = "practiceMVC", "practceMVC\practiceMVC.csproj", "{51DA5A47-13F9-4E62-AD95-E1D9C6B7B836}"
EndProject
Global
	GlobalSection(SolutionConfigurationPlatforms) = preSolution
		Debug|Any CPU = Debug|Any CPU
		Release|Any CPU = Release|Any CPU
	EndGlobalSection
	GlobalSection(ProjectConfigurationPlatforms) = postSolution
		{51DA5A47-13F9-4E62-AD95-E1D9C6B7B836}.Debug|Any CPU.ActiveCfg = Debug|Any CPU
		{51DA5A47-13F9-4E62-AD95-E1D9C6B7B836}.Debug|Any CPU.Build.0 = Debug|Any CPU
		{51DA5A47-13F9-4E62-AD95-E1D9C6B7B836}.Release|Any CPU.ActiveCfg = Release|Any CPU
		{51DA5A47-13F9-4E62-AD95-E1D9C6B7B836}.Release|Any CPU.Build.0 = Release|Any CPU
	EndGlobalSection
EndGlobal
